
Microsoft Visual Studio Solution File, Format Version 12.00
# Visual Studio 15
VisualStudioVersion = 15.0.28307.168
MinimumVisualStudioVersion = 10.0.40219.1
Project("{FAE04EC0-301F-11D3-BF4B-00C04F79EFBC}") = "buch", "buch\buch.csproj", "{5F339B02-A979-41B5-84C7-9254D1CEE12D}"
EndProject
Global
	GlobalSection(SolutionConfigurationPlatforms) = preSolution
		Debug|Any CPU = Debug|Any CPU
		Release|Any CPU = Release|Any CPU
	EndGlobalSection
	GlobalSection(ProjectConfigurationPlatforms) = postSolution
		{5F339B02-A979-41B5-84C7-9254D1CEE12D}.Debug|Any CPU.ActiveCfg = Debug|Any CPU
		{5F339B02-A979-41B5-84C7-9254D1CEE12D}.Debug|Any CPU.Build.0 = Debug|Any CPU
		{5F339B02-A979-41B5-84C7-9254D1CEE12D}.Release|Any CPU.ActiveCfg = Release|Any CPU
		{5F339B02-A979-41B5-84C7-9254D1CEE12D}.Release|Any CPU.Build.0 = Release|Any CPU
	EndGlobalSection
	GlobalSection(SolutionProperties) = preSolution
		HideSolutionNode = FALSE
	EndGlobalSection
	GlobalSection(ExtensibilityGlobals) = postSolution
		SolutionGuid = {91D638EC-91AF-45CC-9F4E-B52058C1F75C}
	EndGlobalSection
EndGlobal
